
Microsoft Visual Studio Solution File, Format Version 12.00
# Visual Studio Version 16
VisualStudioVersion = 16.0.29728.190
MinimumVisualStudioVersion = 10.0.40219.1
Project("{FAE04EC0-301F-11D3-BF4B-00C04F79EFBC}") = "PapersPlease", "PapersPlease\PapersPlease.csproj", "{E0F7C5F6-F07D-43EE-93D9-0C2168A3A535}"
EndProject
Global
	GlobalSection(SolutionConfigurationPlatforms) = preSolution
		Debug|Any CPU = Debug|Any CPU
		Release|Any CPU = Release|Any CPU
	EndGlobalSection
	GlobalSection(ProjectConfigurationPlatforms) = postSolution
		{E0F7C5F6-F07D-43EE-93D9-0C2168A3A535}.Debug|Any CPU.ActiveCfg = Debug|Any CPU
		{E0F7C5F6-F07D-43EE-93D9-0C2168A3A535}.Debug|Any CPU.Build.0 = Debug|Any CPU
		{E0F7C5F6-F07D-43EE-93D9-0C2168A3A535}.Release|Any CPU.ActiveCfg = Release|Any CPU
		{E0F7C5F6-F07D-43EE-93D9-0C2168A3A535}.Release|Any CPU.Build.0 = Release|Any CPU
	EndGlobalSection
	GlobalSection(SolutionProperties) = preSolution
		HideSolutionNode = FALSE
	EndGlobalSection
	GlobalSection(ExtensibilityGlobals) = postSolution
		SolutionGuid = {4674D970-1E70-45C8-833E-2D4DDD4D1C95}
	EndGlobalSection
EndGlobal
